{
    "_meta": {
        "hash": {
            "sha256": "a0e1181f40ba275540f1712c5473daa78469b6dd1c58f09fe9f22e6ef75782ae"
        },
        "pipfile-spec": 6,
        "requires": {
            "python_version": "3.6"
        },
        "sources": [
            {
                "name": "pypi",
                "url": "https://pypi.org/simple",
                "verify_ssl": true
            }
        ]
    },
    "default": {
        "appdirs": {
            "hashes": [
                "sha256:9e5896d1372858f8dd3344faf4e5014d21849c756c8d5701f78f8a103b372d92",
                "sha256:d8b24664561d0d34ddfaec54636d502d7cea6e29c3eaf68f3df6180863e2166e"
            ],
            "version": "==1.4.3"
        },
        "attrs": {
            "hashes": [
                "sha256:08a96c641c3a74e44eb59afb61a24f2cb9f4d7188748e76ba4bb5edfa3cb7d1c",
                "sha256:f7b7ce16570fe9965acd6d30101a28f62fb4a7f9e926b3bbc9b61f8b04247e72"
            ],
            "version": "==19.3.0"
        },
        "babel": {
            "hashes": [
                "sha256:3318ed2960240d61cbc6558858ee00c10eed77a6508c4d1ed8e6f7f48399c975",
                "sha256:c535c4403802f6eb38173cd4863e419e2274921a01a8aad8a5b497c131c62875"
            ],
            "index": "pypi",
            "version": "==2.3.4"
        },
        "beautifulsoup4": {
            "hashes": [
                "sha256:05fd825eb01c290877657a56df4c6e4c311b3965bda790c613a3d6fb01a5462a",
                "sha256:9fbb4d6e48ecd30bcacc5b63b94088192dcda178513b2ae3c394229f8911b887",
                "sha256:e1505eeed31b0f4ce2dbb3bc8eb256c04cc2b3b72af7d551a4ab6efd5cbe5dae"
            ],
            "version": "==4.8.2"
        },
        "cached-property": {
            "hashes": [
                "sha256:3a026f1a54135677e7da5ce819b0c690f156f37976f3e30c5430740725203d7f",
                "sha256:9217a59f14a5682da7c4b8829deadbfc194ac22e9908ccf7c8820234e80a1504"
            ],
            "version": "==1.5.1"
        },
        "certifi": {
            "hashes": [
                "sha256:017c25db2a153ce562900032d5bc68e9f191e44e9a0f762f373977de9df1fbb3",
                "sha256:25b64c7da4cd7479594d035c08c2d809eb4aab3a26e5a990ea98cc450c320f1f"
            ],
            "version": "==2019.11.28"
        },
        "chardet": {
            "hashes": [
                "sha256:84ab92ed1c4d4f16916e05906b6b75a6c0fb5db821cc65e70cbd64a3e2a5eaae",
                "sha256:fc323ffcaeaed0e0a02bf4d117757b98aed530d9ed4531e3e15460124c106691"
            ],
            "index": "pypi",
            "version": "==3.0.4"
        },
        "decorator": {
            "hashes": [
                "sha256:5aff536ed9a65c99e8465c774d5859e56e52300aea0a5012c7a1c4a781fbdddb",
                "sha256:9c6e98edcb33499881b86ede07d9968c81ab7c769e28e9af24075f0a5379f070"
            ],
            "index": "pypi",
            "version": "==4.0.10"
        },
        "defusedxml": {
            "hashes": [
                "sha256:6687150770438374ab581bb7a1b327a847dd9c5749e396102de3fad4e8a3ef93",
                "sha256:f684034d135af4c6cbb949b8a4d2ed61634515257a67299e5f940fbaa34377f5"
            ],
            "version": "==0.6.0"
        },
        "docutils": {
            "hashes": [
                "sha256:c7db717810ab6965f66c8cf0398a98c9d8df982da39b4cd7f162911eb89596fa",
                "sha256:dcebd4928112631626f4c4d0df59787c748404e66dda952110030ea883d3b8cd"
            ],
            "index": "pypi",
            "version": "==0.12"
        },
        "ebaysdk": {
            "hashes": [
                "sha256:78458e1ea4a0fc7d693c26de363069696393767e4aa9689fd38efbfb08409acd"
            ],
            "index": "pypi",
            "version": "==2.1.5"
        },
        "feedparser": {
            "hashes": [
                "sha256:bd030652c2d08532c034c27fcd7c85868e7fa3cb2b17f230a44a6bbc92519bf9",
                "sha256:cd2485472e41471632ed3029d44033ee420ad0b57111db95c240c9160a85831c",
                "sha256:ce875495c90ebd74b179855449040003a1beb40cd13d5f037a0654251e260b02"
            ],
            "index": "pypi",
            "version": "==5.2.1"
        },
        "gevent": {
            "hashes": [
                "sha256:0774babec518a24d9a7231d4e689931f31b332c4517a771e532002614e270a64",
                "sha256:0e1e5b73a445fe82d40907322e1e0eec6a6745ca3cea19291c6f9f50117bb7ea",
                "sha256:0ff2b70e8e338cf13bedf146b8c29d475e2a544b5d1fe14045aee827c073842c",
                "sha256:107f4232db2172f7e8429ed7779c10f2ed16616d75ffbe77e0e0c3fcdeb51a51",
                "sha256:14b4d06d19d39a440e72253f77067d27209c67e7611e352f79fe69e0f618f76e",
                "sha256:1b7d3a285978b27b469c0ff5fb5a72bcd69f4306dbbf22d7997d83209a8ba917",
                "sha256:1eb7fa3b9bd9174dfe9c3b59b7a09b768ecd496debfc4976a9530a3e15c990d1",
                "sha256:2711e69788ddb34c059a30186e05c55a6b611cb9e34ac343e69cf3264d42fe1c",
                "sha256:28a0c5417b464562ab9842dd1fb0cc1524e60494641d973206ec24d6ec5f6909",
                "sha256:3249011d13d0c63bea72d91cec23a9cf18c25f91d1f115121e5c9113d753fa12",
                "sha256:44089ed06a962a3a70e96353c981d628b2d4a2f2a75ea5d90f916a62d22af2e8",
                "sha256:4bfa291e3c931ff3c99a349d8857605dca029de61d74c6bb82bd46373959c942",
                "sha256:50024a1ee2cf04645535c5ebaeaa0a60c5ef32e262da981f4be0546b26791950",
                "sha256:53b72385857e04e7faca13c613c07cab411480822ac658d97fd8a4ddbaf715c8",
                "sha256:74b7528f901f39c39cdbb50cdf08f1a2351725d9aebaef212a29abfbb06895ee",
                "sha256:7d0809e2991c9784eceeadef01c27ee6a33ca09ebba6154317a257353e3af922",
                "sha256:896b2b80931d6b13b5d9feba3d4eebc67d5e6ec54f0cf3339d08487d55d93b0e",
                "sha256:8d9ec51cc06580f8c21b41fd3f2b3465197ba5b23c00eb7d422b7ae0380510b0",
                "sha256:9f7a1e96fec45f70ad364e46de32ccacab4d80de238bd3c2edd036867ccd48ad",
                "sha256:ab4dc33ef0e26dc627559786a4fba0c2227f125db85d970abbf85b77506b3f51",
                "sha256:d1e6d1f156e999edab069d79d890859806b555ce4e4da5b6418616322f0a3df1",
                "sha256:d752bcf1b98174780e2317ada12013d612f05116456133a6acf3e17d43b71f05",
                "sha256:e5bcc4270671936349249d26140c267397b7b4b1381f5ec8b13c53c5b53ab6e1"
            ],
            "index": "pypi",
            "version": "==1.4.0"
        },
        "greenlet": {
            "hashes": [
                "sha256:0411b5bf0de5ec11060925fd811ad49073fa19f995bcf408839eb619b59bb9f7",
                "sha256:131f4ed14f0fd28d2a9fa50f79a57d5ed1c8f742d3ccac3d773fee09ef6fe217",
                "sha256:13510d32f8db72a0b3e1720dbf8cba5c4eecdf07abc4cb631982f51256c453d1",
                "sha256:31dc4d77ef04ab0460d024786f51466dbbc274fda7c8aad0885a6df5ff8d642e",
                "sha256:35021d9fecea53b21e4defec0ff3ad69a8e2b75aca1ceddd444a5ba71216547e",
                "sha256:426a8ef9e3b97c27e841648241c2862442c13c91ec4a48c4a72b262ccf30add9",
                "sha256:58217698193fb94f3e6ff57eed0ae20381a8d06c2bc10151f76c06bb449a3a19",
                "sha256:5f45adbbb69281845981bb4e0a4efb8a405f10f3cd6c349cb4a5db3357c6bf93",
                "sha256:5fdb524767288f7ad161d2182f7ed6cafc0a283363728dcd04b9485f6411547c",
                "sha256:71fbee1f7ef3fb42efa3761a8faefc796e7e425f528de536cfb4c9de03bde885",
                "sha256:80bd314157851d06f7db7ca527082dbb0ee97afefb529cdcd59f7a5950927ba0",
                "sha256:b843c9ef6aed54a2649887f55959da0031595ccfaf7e7a0ba7aa681ffeaa0aa1",
                "sha256:c6a05ef8125503d2d282ccf1448e3599b8a6bd805c3cdee79760fa3da0ea090e",
                "sha256:deeda2769a52db840efe5bf7bdf7cefa0ae17b43a844a3259d39fb9465c8b008",
                "sha256:e66f8b09eec1afdcab947d3a1d65b87b25fde39e9172ae1bec562488335633b4",
                "sha256:e8db93045414980dbada8908d49dbbc0aa134277da3ff613b3e548cb275bdd37",
                "sha256:f1cc268a15ade58d9a0c04569fe6613e19b8b0345b64453064e2c3c6d79051af",
                "sha256:fe3001b6a4f3f3582a865b9e5081cc548b973ec20320f297f5e2d46860e9c703",
                "sha256:fe85bf7adb26eb47ad53a1bae5d35a28df16b2b93b89042a3a28746617a4738d"
            ],
            "index": "pypi",
            "version": "==0.4.14"
        },
        "html2text": {
            "hashes": [
                "sha256:554ef5fd6c6cf6e3e4f725a62a3e9ec86a0e4d33cd0928136d1c79dbeb7b2d55"
            ],
            "index": "pypi",
            "version": "==2016.9.19"
        },
        "idna": {
            "hashes": [
                "sha256:156a6814fb5ac1fc6850fb002e0852d56c0c8d2531923a51032d1b70760e186e",
                "sha256:684a38a6f903c1d71d6d5fac066b58d7768af4de2b832e426ec79c30daa94a16"
            ],
            "version": "==2.7"
        },
        "isodate": {
            "hashes": [
                "sha256:2e364a3d5759479cdb2d37cce6b9376ea504db2ff90252a2e5b7cc89cc9ff2d8",
                "sha256:aa4d33c06640f5352aca96e4b81afd8ab3b47337cc12089822d6f322ac772c81"
            ],
            "version": "==0.6.0"
        },
        "jinja2": {
            "hashes": [
                "sha256:065c4f02ebe7f7cf559e49ee5a95fb800a9e4528727aec6f24402a5374c65013",
                "sha256:14dd6caf1527abb21f08f86c784eac40853ba93edb79552aa1e4b8aef1b61c7b"
            ],
            "index": "pypi",
            "version": "==2.10.1"
        },
        "libsass": {
            "hashes": [
                "sha256:236762af9c693bb72ed92d65ff4a5a77d27af9494b6174fbec7e6308416673b0",
                "sha256:28a490f350d38fa3a16da8a52e5ae685e71c8938a7b87cf2d58aee892f30c756",
                "sha256:2fb999d978e9cc8f7459f8f07a8acf9fc03d6e9fa95fcf98169bf0a5ede81eb6",
                "sha256:38e9b9b08d299793fffa7b5003d473a6c537e495117f2c44787e3437a5e38f90",
                "sha256:55cb32142f8c5f449edcb4baf040b553d59a604c8957aa177d26782a06d0eb6f",
                "sha256:64414697e65da4bfb47f0e11471bf5c79e1dd81e10e2e4b1a70f8ed1cdc33f5b",
                "sha256:815d60626b329db2943c5d331a5b74d36eb2e441047ae2bd6ad8d1b2c14cfc5d",
                "sha256:a1e3f19ef392badcc87ad75d8988b1720a4d4f5a506f2f52ebb781300c57136d",
                "sha256:b064ccedb51b874c725a40f03fc952afd85bd6f5369d41aa74f393ff3388b9e1",
                "sha256:b8f8cf7c5ee16d217541e6b34def3f45286545077301adc4f54e94977fc69c9f",
                "sha256:c3ea0cbb36745b6cc10278539e0bf93a426f2f497306181fc6214193f493b8d5",
                "sha256:cd20479d80cdb49ba7007611d8a9a7004579d54552e010277764c19d82233a51",
                "sha256:cf43ea1a69bab2836fc953e3d73f32d15efdcbf44c6082df36dd12c76ff59322",
                "sha256:d2b77e43726cd658b1bc13f1a2df543dc34c9f945a9144faecc88ca03fe581ff",
                "sha256:ebf413799057a4dd59d85ceb533935f171117565053341e3714e4cb05253bbbf",
                "sha256:ec659d4d2f60d95160e60f7f52d569bf1b29318018b6f07f8706ff6d4bc04de7",
                "sha256:edb366b784c58c635ace69ef392e5ad3a42690aeac80d43521c64e0ee7706331",
                "sha256:ff07c2c55f9d73d9f57cded30138ff99dfbb9fe7fbc71a4bbb43aa067ad2beed"
            ],
            "index": "pypi",
            "version": "==0.12.3"
        },
        "lxml": {
            "hashes": [
                "sha256:0941f4313208c07734410414d8308812b044fd3fb98573454e3d3a0d2e201f3d",
                "sha256:0b18890aa5730f9d847bc5469e8820f782d72af9985a15a7552109a86b01c113",
                "sha256:21f427945f612ac75576632b1bb8c21233393c961f2da890d7be3927a4b6085f",
                "sha256:24cf6f622a4d49851afcf63ac4f0f3419754d4e98a7a548ab48dd03c635d9bd3",
                "sha256:2dc6705486b8abee1af9e2a3761e30a3cb19e8276f20ca7e137ee6611b93707c",
                "sha256:2e43b2e5b7d2b9abe6e0301eef2c2c122ab45152b968910eae68bdee2c4cfae0",
                "sha256:329a6d8b6d36f7d6f8b6c6a1db3b2c40f7e30a19d3caf62023c9d6a677c1b5e1",
                "sha256:423cde55430a348bda6f1021faad7235c2a95a6bdb749e34824e5758f755817a",
                "sha256:4651ea05939374cfb5fe87aab5271ed38c31ea47997e17ec3834b75b94bd9f15",
                "sha256:4be3bbfb2968d7da6e5c2cd4104fc5ec1caf9c0794f6cae724da5a53b4d9f5a3",
                "sha256:622f7e40faef13d232fb52003661f2764ce6cdef3edb0a59af7c1559e4cc36d1",
                "sha256:664dfd4384d886b239ef0d7ee5cff2b463831079d250528b10e394a322f141f9",
                "sha256:697c0f58ac637b11991a1bc92e07c34da4a72e2eda34d317d2c1c47e2f24c1b3",
                "sha256:6ec908b4c8a4faa7fe1a0080768e2ce733f268b287dfefb723273fb34141475f",
                "sha256:7ec3fe795582b75bb49bb1685ffc462dbe38d74312dac07ce386671a28b5316b",
                "sha256:8c39babd923c431dcf1e5874c0f778d3a5c745a62c3a9b6bd755efd489ee8a1d",
                "sha256:949ca5bc56d6cb73d956f4862ba06ad3c5d2808eac76304284f53ae0c8b2334a",
                "sha256:9f0daddeefb0791a600e6195441910bdf01eac470be596b9467e6122b51239a6",
                "sha256:a359893b01c30e949eae0e8a85671a593364c9f0b8162afe0cb97317af0953bf",
                "sha256:ad5d5d8efed59e6b1d4c50c1eac59fb6ecec91b2073676af1e15fc4d43e9b6c5",
                "sha256:bc1a36f95a6b3667c09b34995fc3a46a82e4cf0dc3e7ab281e4c77b15bd7af05",
                "sha256:be37b3f55b6d7d923f43bf74c356fc1878eb36e28505f38e198cb432c19c7b1a",
                "sha256:c45bca5e544eb75f7500ffd730df72922eb878a2f0213b0dc5a5f357ded3a85d",
                "sha256:ccee7ebbb4735ebc341d347fca9ee09f2fa6c0580528c1414bc4e1d31372835c",
                "sha256:dc62c0840b2fc7753550b40405532a3e125c0d3761f34af948873393aa688160",
                "sha256:f7d9d5aa1c7e54167f1a3cba36b5c52c7c540f30952c9bd7d9302a1eda318424"
            ],
            "index": "pypi",
            "version": "==4.2.3"
        },
        "mako": {
            "hashes": [
                "sha256:fed99dbe4d0ddb27a33ee4910d8708aca9ef1fe854e668387a9ab9a90cbf9059"
            ],
            "index": "pypi",
            "version": "==1.0.4"
        },
        "markupsafe": {
            "hashes": [
                "sha256:a4ec1aff59b95a14b45eb2e23761a0179e98319da5a7eb76b56ea8cdc7b871c3"
            ],
            "index": "pypi",
            "version": "==0.23"
        },
        "mock": {
            "hashes": [
                "sha256:5ce3c71c5545b472da17b72268978914d0252980348636840bd34a00b5cc96c1",
                "sha256:b158b6df76edd239b8208d481dc46b6afd45a846b7812ff0ce58971cf5bc8bba"
            ],
            "index": "pypi",
            "version": "==2.0.0"
        },
        "num2words": {
            "hashes": [
                "sha256:529017394eef84daf63bb57e837fe2fb81363d1b06f6114e86608dae7ceb11ee",
                "sha256:aea26c2d11d636f0e9da094f2bf55ac94cb1c380ff1f86e8db22c210e5a6a05f"
            ],
            "index": "pypi",
            "version": "==0.5.6"
        },
        "ofxparse": {
            "hashes": [
                "sha256:cca83cd3d5578e7003b53457522c6dbb27832b734dbf869adf585f1547c3a91e"
            ],
            "index": "pypi",
            "version": "==0.16"
        },
        "passlib": {
            "hashes": [
                "sha256:a83d34f53dc9b17aa42c9a35c3fbcc5120f3fcb07f7f8721ec45e6a27be347fc",
                "sha256:ad631a58dc8abeb0f48016c13f4b3b0f3a7b1045a8cb3c61dd15e2d95b45c472"
            ],
            "index": "pypi",
            "version": "==1.6.5"
        },
        "pbr": {
            "hashes": [
                "sha256:139d2625547dbfa5fb0b81daebb39601c478c21956dc57e2e07b74450a8c506b",
                "sha256:61aa52a0f18b71c5cc58232d2cf8f8d09cd67fcad60b742a60124cb8d6951488"
            ],
            "version": "==5.4.4"
        },
        "pillow": {
            "hashes": [
                "sha256:051de330a06c99d6f84bcf582960487835bcae3fc99365185dc2d4f65a390c0e",
                "sha256:0ae5289948c5e0a16574750021bd8be921c27d4e3527800dc9c2c1d2abc81bf7",
                "sha256:0b1efce03619cdbf8bcc61cfae81fcda59249a469f31c6735ea59badd4a6f58a",
                "sha256:163136e09bd1d6c6c6026b0a662976e86c58b932b964f255ff384ecc8c3cefa3",
                "sha256:18e912a6ccddf28defa196bd2021fe33600cbe5da1aa2f2e2c6df15f720b73d1",
                "sha256:24ec3dea52339a610d34401d2d53d0fb3c7fd08e34b20c95d2ad3973193591f1",
                "sha256:267f8e4c0a1d7e36e97c6a604f5b03ef58e2b81c1becb4fccecddcb37e063cc7",
                "sha256:3273a28734175feebbe4d0a4cde04d4ed20f620b9b506d26f44379d3c72304e1",
                "sha256:4c678e23006798fc8b6f4cef2eaad267d53ff4c1779bd1af8725cc11b72a63f3",
                "sha256:4d4bc2e6bb6861103ea4655d6b6f67af8e5336e7216e20fff3e18ffa95d7a055",
                "sha256:505738076350a337c1740a31646e1de09a164c62c07db3b996abdc0f9d2e50cf",
                "sha256:5233664eadfa342c639b9b9977190d64ad7aca4edc51a966394d7e08e7f38a9f",
                "sha256:5d95cb9f6cced2628f3e4de7e795e98b2659dfcc7176ab4a01a8b48c2c2f488f",
                "sha256:7eda4c737637af74bac4b23aa82ea6fbb19002552be85f0b89bc27e3a762d239",
                "sha256:801ddaa69659b36abf4694fed5aa9f61d1ecf2daaa6c92541bbbbb775d97b9fe",
                "sha256:825aa6d222ce2c2b90d34a0ea31914e141a85edefc07e17342f1d2fdf121c07c",
                "sha256:9c215442ff8249d41ff58700e91ef61d74f47dfd431a50253e1a1ca9436b0697",
                "sha256:a3d90022f2202bbb14da991f26ca7a30b7e4c62bf0f8bf9825603b22d7e87494",
                "sha256:a631fd36a9823638fe700d9225f9698fb59d049c942d322d4c09544dc2115356",
                "sha256:a6523a23a205be0fe664b6b8747a5c86d55da960d9586db039eec9f5c269c0e6",
                "sha256:a756ecf9f4b9b3ed49a680a649af45a8767ad038de39e6c030919c2f443eb000",
                "sha256:b117287a5bdc81f1bac891187275ec7e829e961b8032c9e5ff38b70fd036c78f",
                "sha256:ba04f57d1715ca5ff74bb7f8a818bf929a204b3b3c2c2826d1e1cc3b1c13398c",
                "sha256:cd878195166723f30865e05d87cbaf9421614501a4bd48792c5ed28f90fd36ca",
                "sha256:cee815cc62d136e96cf76771b9d3eb58e0777ec18ea50de5cfcede8a7c429aa8",
                "sha256:d1722b7aa4b40cf93ac3c80d3edd48bf93b9208241d166a14ad8e7a20ee1d4f3",
                "sha256:d7c1c06246b05529f9984435fc4fa5a545ea26606e7f450bdbe00c153f5aeaad",
                "sha256:e9c8066249c040efdda84793a2a669076f92a301ceabe69202446abb4c5c5ef9",
                "sha256:f227d7e574d050ff3996049e086e1f18c7bd2d067ef24131e50a1d3fe5831fbc",
                "sha256:fc9a12aad714af36cf3ad0275a96a733526571e52710319855628f476dcb144e"
            ],
            "index": "pypi",
            "version": "==5.4.1"
        },
        "polib": {
            "hashes": [
                "sha256:93b730477c16380c9a96726c54016822ff81acfa553977fdd131f2b90ba858d7",
                "sha256:fad87d13696127ffb27ea0882d6182f1a9cf8a5e2b37a587751166c51e5a332a"
            ],
            "index": "pypi",
            "version": "==1.1.0"
        },
        "psutil": {
            "hashes": [
                "sha256:38f74182fb9e15cafd0cdf0821098a95cc17301807aed25634a18b66537ba51b",
                "sha256:3b377bc8ba5e62adbc709a90ea07dce2d4addbd6e1cc7acede61ddfa1c66e00a",
                "sha256:6b3882eb16f2f40f1da6208a051800abadb1f82a675d9ef6ca7386e1a208b1ad",
                "sha256:aa05f44a77ef83773af39446f99e461aa3b6edb7fdabeefdcf06e913d8884d3a",
                "sha256:afa94bed972722882264a4df06176f6b6e6acc6bcebcc3f1db5428c7271dacba",
                "sha256:b0c5bf0d2a29a6f18ac22e2d24210730dca458c9f961914289c9e027ccb5ae43",
                "sha256:cf1be0b16b38f0e2081ff0c81a1a4321c206a824ba6bd51903fdd440abb370b6",
                "sha256:d2254f518624e6b2262f0f878931faa4bdbe8a77d1f8826564bc4576c6a4f85e",
                "sha256:fc78c29075e623b6ea1c4a1620a120a1534ee05370b76c0ec96f6d161d79e7a1"
            ],
            "index": "pypi",
            "version": "==4.3.1"
        },
        "psycopg2": {
            "hashes": [
                "sha256:04a5b2805c620ddecdff33e015631cc8d7ea8dd01e1fcc930bfe002fdc26b9e0",
                "sha256:0bd0b1cf81eb6d74a77199570d5ce097fb3c6b8e57acc1edd328cef5c552f98a",
                "sha256:16482d050db68503abbb693795d75e9fca287a00f662376759825404533ca87c",
                "sha256:279dbf220c94c9f73aefac719ea3b9550ca791389bc9184c15e835516bc8428d",
                "sha256:35d1fec112337c2607c8ca17dee3c2f8455e07dd69d140ff8e86ef1240dace3d",
                "sha256:39369e40bc3e062da5da93ce5f1e7f9bed95e9a60cb6f003d316f2a834722e2d",
                "sha256:3ab693b907b2c7a34c1dca198cfc454516cfd75440fd913bb372da6f70d6db55",
                "sha256:3c99c88216e0fc62113a1177aae9db18a533274370e99a4537b433b87b319360",
                "sha256:3fbba0dd7f3ac458f355dcfc4d7d9cd082c19748e453bcd81bf9d8bc14260c01",
                "sha256:471e3140e1cb241ecb53602cdc98fe305b82c854cfa53c3e343d642683dc96c7",
                "sha256:4cca242df228364b4de6241c54553301856bc253d7f21e15009b11c812eb7b5c",
                "sha256:4d7c872d9c85745964cf8efabba3fb1a6010b345c18d0e2b620509f0444aa729",
                "sha256:4db0de7d6236acbf7d020926489b6c4b98e845ba98df11057f22d54866e26b20",
                "sha256:4fbe2c29f6d4c8d9eac5fc3c42c42036e7cc58e225036130b7713afa72489aac",
                "sha256:604c49bf196c654c417ade1dc765bd23fe9bc3392d9a8c7184a7077142d621b3",
                "sha256:6194e81d8839b636118f5275c53be3c70eb3c3abcf836de675c34b20c06025ea",
                "sha256:891a70235c202158780fc0ab98d7ca2a7ed1625c26725b15119d47b2d852a5c6",
                "sha256:8d2003d23d8fc59f0f0a2e73c13baa41581006b8227a9d82bbdc1aa233285ba4",
                "sha256:99a298b9030f8fd36f885c5d0661e4d5a059136a541bb6c4d7d1100e38da3cd1",
                "sha256:9a0a74a6f20d82c389095c88d4d281e66eb3ffbc09adf543dcec4bec22436569",
                "sha256:9b7b16e26448b43cf167f785d8b5345007731ebf153a510e12dae826800caa65",
                "sha256:a4d7134058e8869d785c0be386cd702fe2a4be14b678d7571a51045e1bbad862",
                "sha256:b7646f7bdb42ba3cf7ef9f500f6514b5e413d25c5b3093d70e6ba52df417a83c",
                "sha256:c939b238cbc18e786909d20277c9f051241696ebb03ca9e3490094f526ce69a7",
                "sha256:df70e0a387b0145a7a80de67d43d84e1c5a24a33bbfaedb96271876d573e5fb6",
                "sha256:e26aca5eb272869fdf8e55111f36026517c1c0799eb7ef1ddf67d4412affe1ef",
                "sha256:e80a1ae04218e854a5d71085f9498c8c979033ca855cedeed3afc5d976c348ce",
                "sha256:ebee4f59803eda1ed4035649469a713818dbf5b6de2e12396edd9fa228727c20",
                "sha256:f07791ee5793621bfaaa844f731529cd72321280f94e8dc3bd4ef524d20f58f2",
                "sha256:f74e50341f45fb9bcd3598c11b5774c3e4349ee38cf15c342cc7075c73ef1f95",
                "sha256:face605eea5826fa36600c04447b61674992bbd5eb177f66f86f61a04436dbd9"
            ],
            "index": "pypi",
            "version": "==2.7.3.1"
        },
        "pydot": {
            "hashes": [
                "sha256:edb5d3f249f97fbd9c4bb16959e61bc32ecf40eee1a9f6d27abe8d01c0a73502"
            ],
            "index": "pypi",
            "version": "==1.2.3"
        },
        "pyldap": {
            "hashes": [
                "sha256:d38f31018f0c15925f50aec39f7255c15463f98797af53931e0e2a9ac21f6661"
            ],
            "index": "pypi",
            "version": "==2.4.28"
        },
        "pyparsing": {
            "hashes": [
                "sha256:0aa6e8d8c3f9c447a95a33bb04b103ead630121c3f4233e2980348cecf8b69c8",
                "sha256:67101d7acee692962f33dd30b5dce079ff532dd9aa99ff48d52a3dad51d2fe84",
                "sha256:811c3e7b0031021137fc83e051795025fcb98674d07eb8fe922ba4de53d39188"
            ],
            "index": "pypi",
            "version": "==2.1.10"
        },
        "pypdf2": {
            "hashes": [
                "sha256:e28f902f2f0a1603ea95ebe21dff311ef09be3d0f0ef29a3e44a932729564385"
            ],
            "index": "pypi",
            "version": "==1.26.0"
        },
        "pyserial": {
            "hashes": [
                "sha256:b4fcd6a7d329c844781df80fb06a4a9e21f3ac5623a687a975cbce8a8e4a82d2",
                "sha256:d657051249ce3cbd0446bcfb2be07a435e1029da4d63f53ed9b4cdde7373364c"
            ],
            "index": "pypi",
            "version": "==3.1.1"
        },
        "python-dateutil": {
            "hashes": [
                "sha256:1408fdb07c6a1fa9997567ce3fcee6a337b39a503d80699e0f213de4aa4b32ed",
                "sha256:598499a75be2e5e18a66f12c00dd47a069de24794effeda4228bfc760f44f527",
                "sha256:9d94861f04ce14f9a3d835206067c889b8f1244f1415035dadcf9c10066adf04"
            ],
            "index": "pypi",
            "version": "==2.5.3"
        },
        "python-stdnum": {
            "hashes": [
                "sha256:4c1347c414d7bdffb454924998f62c04d907a5c01faff0e35df659b0b52acba5",
                "sha256:bb58877dafc2e590dbfddc63fa04876ab2005c3f35c8356a2dd01f62a9bdc4d6"
            ],
            "version": "==1.12"
        },
        "pytz": {
            "hashes": [
                "sha256:054d9814d00254571cff84f6faedb25c046008322cbe51a6d5664c912b4f2929",
                "sha256:6eab31709e3a4aea748457707da45e805b650cbb352583805d2417de2a1dd71e",
                "sha256:8787de03f35f31699bcaf127e56ad14c00647965ed24d72dbaca87c6e4f843a3",
                "sha256:c6fe748ed6c676d9404b47897cfb399c514fb7428298465c8a3310ee5a2a0ec9"
            ],
            "index": "pypi",
            "version": "==2016.7"
        },
        "pyusb": {
            "hashes": [
                "sha256:5b34ffa74ac34f330bff949c94ee00ec4a9d147234db17ee2eed2a67c0275368"
            ],
            "index": "pypi",
            "version": "==1.0.0"
        },
        "qrcode": {
            "hashes": [
                "sha256:4115ccee832620df16b659d4653568331015c718a754855caf5930805d76924e",
                "sha256:60222a612b83231ed99e6cb36e55311227c395d0d0f62e41bb51ebbb84a9a22b"
            ],
            "index": "pypi",
            "version": "==5.3"
        },
        "reportlab": {
            "hashes": [
                "sha256:343ea8083cd964d026c579071b0bff079e043c8db8ee094127c12e28daa0e1d0",
                "sha256:4da11cd1e1407aa3fed5198aa5edfa4fb28c11f3b7cd3300330584ae4cfdb213",
                "sha256:52e7f1b1fddc090bbfdb81076a9d5c56ed0d6e64c6cc244a06fb3a43620b3d47",
                "sha256:5e43daa9e0aa0bf039059534ada27078a225a9dc79c881b76c7a3da2fc8f3122",
                "sha256:8a98135473944e8dfb505c33cc1b868d6eba25aefea42260d99e5bf51670112d",
                "sha256:96db4db47652a3c848afb3c26438eea2d6b9827ae17ebff5e76dd01c491b8e2a",
                "sha256:d932b66885aed7564672cc0750c75d1399495165bea205ecb4b2426bbd68514c",
                "sha256:f48900b9321bcb2871a46543993bd995148d769a11a9e24495f25b4ec0bbe267",
                "sha256:fe0acf7463ac28e231d11a387a1f8dd50b7984c630eccef0c4299c55d16b77b3"
            ],
            "index": "pypi",
            "version": "==3.3.0"
        },
        "requests": {
            "hashes": [
                "sha256:99dcfdaaeb17caf6e526f32b6a7b780461512ab3f1d992187801694cba42770c",
                "sha256:a84b8c9ab6239b578f22d1c21d51b696dcfe004032bb80ea832398d6909d7279"
            ],
            "index": "pypi",
            "version": "==2.20.0"
        },
        "requests-toolbelt": {
            "hashes": [
                "sha256:380606e1d10dc85c3bd47bf5a6095f815ec007be7a8b69c878507068df059e6f",
                "sha256:968089d4584ad4ad7c171454f0a5c6dac23971e9472521ea3b6d49d610aa6fc0"
            ],
            "version": "==0.9.1"
        },
        "six": {
            "hashes": [
                "sha256:1f1b7d42e254082a9db6279deae68afb421ceba6158efa6131de7b3003ee93fd",
                "sha256:30f610279e8b2578cab6db20741130331735c781b56053c59c4076da27f06b66"
            ],
            "version": "==1.13.0"
        },
        "soupsieve": {
            "hashes": [
                "sha256:bdb0d917b03a1369ce964056fc195cfdff8819c40de04695a80bc813c3cfa1f5",
                "sha256:e2c1c5dee4a1c36bcb790e0fabd5492d874b8ebd4617622c4f6a731701060dda"
            ],
            "version": "==1.9.5"
        },
        "urllib3": {
            "hashes": [
                "sha256:2393a695cd12afedd0dcb26fe5d50d0cf248e5a66f75dbd89a3d4eb333a61af4",
                "sha256:a637e5fae88995b256e3409dc4d52c2e2e0ba32c42a6365fee8bbd2238de3cfb"
            ],
            "version": "==1.24.3"
        },
        "vatnumber": {
            "hashes": [
                "sha256:4e9e9cabcff6076d8deb8a347edfd5d0ab8cab1ed344fdbe5dd4a6110a2f2c7b"
            ],
            "index": "pypi",
            "version": "==1.2"
        },
        "vobject": {
            "hashes": [
                "sha256:10b150b87ee5fffefd3aa1ea12f31aab45a7b7d010d1ce6816afaff8db726520"
            ],
            "index": "pypi",
            "version": "==0.9.3"
        },
        "werkzeug": {
            "hashes": [
                "sha256:c3fd7a7d41976d9f44db327260e263132466836cef6f91512889ed60ad26557c",
                "sha256:d5da73735293558eb1651ee2fddc4d0dedcfa06538b8813a2e20011583c9e49b"
            ],
            "index": "pypi",
            "version": "==0.14.1"
        },
        "xlrd": {
            "hashes": [
                "sha256:05f55eb39a68f1c3d336de186aeb90c98ea5add722813738d8ae8b97819c5924",
                "sha256:0ff87dd5d50425084f7219cb6f86bb3eb5aa29063f53d50bf270ed007e941069"
            ],
            "index": "pypi",
            "version": "==1.0.0"
        },
        "xlsxwriter": {
            "hashes": [
                "sha256:19d2b5c0dd4d5fc00e8d7f164795f50e885b20d1cc27a3d04d5c7fec3c4d57f6",
                "sha256:59f50a2135afcf53804c46ae4f849ca9751963d729a330767834aee9ff9525e4"
            ],
            "index": "pypi",
            "version": "==0.9.3"
        },
        "xlwt": {
            "hashes": [
                "sha256:a082260524678ba48a297d922cc385f58278b8aa68741596a87de01a9c628b2e",
                "sha256:c59912717a9b28f1a3c2a98fd60741014b06b043936dcecbc113eaaada156c88"
            ],
            "index": "pypi",
            "version": "==1.3.0"
        },
        "zeep": {
            "hashes": [
                "sha256:a92648564e42170002e094447224169712a311f46e7db76c48a50f811ee902a8",
                "sha256:b2d96881689c3f29e8ea5c8c6abb2b17fb0f470deee15d0d7bec4e74592850f6"
            ],
            "index": "pypi",
            "version": "==3.1.0"
        }
    },
    "develop": {}
}
